<?xml version="1.0" encoding="utf-8"?>
<Project ToolsVersion="4.0" xmlns="http://schemas.microsoft.com/developer/msbuild/2003">
  <ItemGroup>
    <Filter Include="infograph">
      <UniqueIdentifier>{f2c81388-965e-4ebe-8cbf-9d6d5daa54f2}</UniqueIdentifier>
    </Filter>
    <Filter Include="src">
      <UniqueIdentifier>{4FC737F1-C7A5-4376-A066-2A32D752A2FF}</UniqueIdentifier>
      <Extensions>cpp;c;cc;cxx;def;odl;idl;hpj;bat;asm;asmx</Extensions>
    </Filter>
    <Filter Include="infograph\type">
      <UniqueIdentifier>{0b100fd1-dff7-4bdc-9fdd-1339793ce002}</UniqueIdentifier>
    </Filter>
    <Filter Include="infograph\type\slotted_page">
      <UniqueIdentifier>{0d5fe4df-bca9-48c2-b83d-04f88343e134}</UniqueIdentifier>
    </Filter>
    <Filter Include="src\type">
      <UniqueIdentifier>{208e6bd9-e4dd-41ff-a0b0-b411576f4072}</UniqueIdentifier>
    </Filter>
    <Filter Include="src\type\slotted_page">
      <UniqueIdentifier>{f49b22ba-ea09-4b55-8dcb-55b934c6ed9e}</UniqueIdentifier>
    </Filter>
  </ItemGroup>
  <ItemGroup>
    <ClInclude Include="include\infograph\type\slotted_page\pagedb.h">
      <Filter>infograph\type\slotted_page</Filter>
    </ClInclude>
    <ClInclude Include="include\infograph\type\slotted_page\pagedb_generator.h">
      <Filter>infograph\type\slotted_page</Filter>
    </ClInclude>
    <ClInclude Include="include\infograph\mpl.h">
      <Filter>infograph</Filter>
    </ClInclude>
    <ClInclude Include="include\infograph\type\slotted_page.h">
      <Filter>infograph\type</Filter>
    </ClInclude>
  </ItemGroup>
  <ItemGroup>
    <ClCompile Include="src\type\slotted_page\pagedb_info.cpp">
      <Filter>src\type\slotted_page</Filter>
    </ClCompile>
  </ItemGroup>
</Project>