
Microsoft Visual Studio Solution File, Format Version 12.00
# Visual Studio 14
VisualStudioVersion = 14.0.25420.1
MinimumVisualStudioVersion = 10.0.40219.1
Project("{8BC9CEB8-8B4A-11D0-8D11-00A0C91BC942}") = "PageDatabaseGenerator", "PageDatabaseGenerator\PageDatabaseGenerator.vcxproj", "{A719484B-F6B8-4B3C-8F76-E7A62E3707FA}"
EndProject
Project("{8BC9CEB8-8B4A-11D0-8D11-00A0C91BC942}") = "PageDatabaseReader", "PageDatabaseReader\PageDatabaseReader.vcxproj", "{0BC1E29F-667A-4381-8542-2A1777633B5D}"
EndProject
Global
	GlobalSection(SolutionConfigurationPlatforms) = preSolution
		Debug|x64 = Debug|x64
		Release|x64 = Release|x64
	EndGlobalSection
	GlobalSection(ProjectConfigurationPlatforms) = postSolution
		{A719484B-F6B8-4B3C-8F76-E7A62E3707FA}.Debug|x64.ActiveCfg = Debug|x64
		{A719484B-F6B8-4B3C-8F76-E7A62E3707FA}.Debug|x64.Build.0 = Debug|x64
		{A719484B-F6B8-4B3C-8F76-E7A62E3707FA}.Release|x64.ActiveCfg = Release|x64
		{A719484B-F6B8-4B3C-8F76-E7A62E3707FA}.Release|x64.Build.0 = Release|x64
		{0BC1E29F-667A-4381-8542-2A1777633B5D}.Debug|x64.ActiveCfg = Debug|x64
		{0BC1E29F-667A-4381-8542-2A1777633B5D}.Debug|x64.Build.0 = Debug|x64
		{0BC1E29F-667A-4381-8542-2A1777633B5D}.Release|x64.ActiveCfg = Release|x64
		{0BC1E29F-667A-4381-8542-2A1777633B5D}.Release|x64.Build.0 = Release|x64
	EndGlobalSection
	GlobalSection(SolutionProperties) = preSolution
		HideSolutionNode = FALSE
	EndGlobalSection
EndGlobal
